
Microsoft Visual Studio Solution File, Format Version 12.00
# Visual Studio Version 16
VisualStudioVersion = 16.0.31410.357
MinimumVisualStudioVersion = 10.0.40219.1
Project("{FAE04EC0-301F-11D3-BF4B-00C04F79EFBC}") = "BasketballGameApp.UWP", "BasketballGameApp.UWP\BasketballGameApp.UWP.csproj", "{D28951E2-301D-4138-BF5D-3FFE364486FE}"
EndProject
Project("{FAE04EC0-301F-11D3-BF4B-00C04F79EFBC}") = "BasketballGameApp.Android", "BasketballGameApp.Android\BasketballGameApp.Android.csproj", "{EBF37D98-4527-4712-9784-84FD884CEC1F}"
EndProject
Project("{FAE04EC0-301F-11D3-BF4B-00C04F79EFBC}") = "BasketballGameApp.iOS", "BasketballGameApp.iOS\BasketballGameApp.iOS.csproj", "{192EA6FC-4625-4648-BBF9-057CCE6912D2}"
EndProject
Project("{FAE04EC0-301F-11D3-BF4B-00C04F79EFBC}") = "BasketballGameApp", "BasketballGameApp\BasketballGameApp.csproj", "{5AF5C836-D805-4D64-A4B5-956AD9D9D5CD}"
EndProject
Global
	GlobalSection(SolutionConfigurationPlatforms) = preSolution
		Debug|Any CPU = Debug|Any CPU
		Debug|ARM = Debug|ARM
		Debug|iPhone = Debug|iPhone
		Debug|iPhoneSimulator = Debug|iPhoneSimulator
		Debug|x64 = Debug|x64
		Debug|x86 = Debug|x86
		Release|Any CPU = Release|Any CPU
		Release|ARM = Release|ARM
		Release|iPhone = Release|iPhone
		Release|iPhoneSimulator = Release|iPhoneSimulator
		Release|x64 = Release|x64
		Release|x86 = Release|x86
	EndGlobalSection
	GlobalSection(ProjectConfigurationPlatforms) = postSolution
		{D28951E2-301D-4138-BF5D-3FFE364486FE}.Debug|Any CPU.ActiveCfg = Debug|x86
		{D28951E2-301D-4138-BF5D-3FFE364486FE}.Debug|Any CPU.Build.0 = Debug|x86
		{D28951E2-301D-4138-BF5D-3FFE364486FE}.Debug|Any CPU.Deploy.0 = Debug|x86
		{D28951E2-301D-4138-BF5D-3FFE364486FE}.Debug|ARM.ActiveCfg = Debug|ARM
		{D28951E2-301D-4138-BF5D-3FFE364486FE}.Debug|ARM.Build.0 = Debug|ARM
		{D28951E2-301D-4138-BF5D-3FFE364486FE}.Debug|ARM.Deploy.0 = Debug|ARM
		{D28951E2-301D-4138-BF5D-3FFE364486FE}.Debug|iPhone.ActiveCfg = Debug|x86
		{D28951E2-301D-4138-BF5D-3FFE364486FE}.Debug|iPhone.Build.0 = Debug|x86
		{D28951E2-301D-4138-BF5D-3FFE364486FE}.Debug|iPhone.Deploy.0 = Debug|x86
		{D28951E2-301D-4138-BF5D-3FFE364486FE}.Debug|iPhoneSimulator.ActiveCfg = Debug|x86
		{D28951E2-301D-4138-BF5D-3FFE364486FE}.Debug|iPhoneSimulator.Build.0 = Debug|x86
		{D28951E2-301D-4138-BF5D-3FFE364486FE}.Debug|iPhoneSimulator.Deploy.0 = Debug|x86
		{D28951E2-301D-4138-BF5D-3FFE364486FE}.Debug|x64.ActiveCfg = Debug|x64
		{D28951E2-301D-4138-BF5D-3FFE364486FE}.Debug|x64.Build.0 = Debug|x64
		{D28951E2-301D-4138-BF5D-3FFE364486FE}.Debug|x64.Deploy.0 = Debug|x64
		{D28951E2-301D-4138-BF5D-3FFE364486FE}.Debug|x86.ActiveCfg = Debug|x86
		{D28951E2-301D-4138-BF5D-3FFE364486FE}.Debug|x86.Build.0 = Debug|x86
		{D28951E2-301D-4138-BF5D-3FFE364486FE}.Debug|x86.Deploy.0 = Debug|x86
		{D28951E2-301D-4138-BF5D-3FFE364486FE}.Release|Any CPU.ActiveCfg = Release|x86
		{D28951E2-301D-4138-BF5D-3FFE364486FE}.Release|Any CPU.Build.0 = Release|x86
		{D28951E2-301D-4138-BF5D-3FFE364486FE}.Release|Any CPU.Deploy.0 = Release|x86
		{D28951E2-301D-4138-BF5D-3FFE364486FE}.Release|ARM.ActiveCfg = Release|ARM
		{D28951E2-301D-4138-BF5D-3FFE364486FE}.Release|ARM.Build.0 = Release|ARM
		{D28951E2-301D-4138-BF5D-3FFE364486FE}.Release|ARM.Deploy.0 = Release|ARM
		{D28951E2-301D-4138-BF5D-3FFE364486FE}.Release|iPhone.ActiveCfg = Release|x86
		{D28951E2-301D-4138-BF5D-3FFE364486FE}.Release|iPhone.Build.0 = Release|x86
		{D28951E2-301D-4138-BF5D-3FFE364486FE}.Release|iPhone.Deploy.0 = Release|x86
		{D28951E2-301D-4138-BF5D-3FFE364486FE}.Release|iPhoneSimulator.ActiveCfg = Release|x86
		{D28951E2-301D-4138-BF5D-3FFE364486FE}.Release|iPhoneSimulator.Build.0 = Release|x86
		{D28951E2-301D-4138-BF5D-3FFE364486FE}.Release|iPhoneSimulator.Deploy.0 = Release|x86
		{D28951E2-301D-4138-BF5D-3FFE364486FE}.Release|x64.ActiveCfg = Release|x64
		{D28951E2-301D-4138-BF5D-3FFE364486FE}.Release|x64.Build.0 = Release|x64
		{D28951E2-301D-4138-BF5D-3FFE364486FE}.Release|x64.Deploy.0 = Release|x64
		{D28951E2-301D-4138-BF5D-3FFE364486FE}.Release|x86.ActiveCfg = Release|x86
		{D28951E2-301D-4138-BF5D-3FFE364486FE}.Release|x86.Build.0 = Release|x86
		{D28951E2-301D-4138-BF5D-3FFE364486FE}.Release|x86.Deploy.0 = Release|x86
		{EBF37D98-4527-4712-9784-84FD884CEC1F}.Debug|Any CPU.ActiveCfg = Debug|Any CPU
		{EBF37D98-4527-4712-9784-84FD884CEC1F}.Debug|Any CPU.Build.0 = Debug|Any CPU
		{EBF37D98-4527-4712-9784-84FD884CEC1F}.Debug|Any CPU.Deploy.0 = Debug|Any CPU
		{EBF37D98-4527-4712-9784-84FD884CEC1F}.Debug|ARM.ActiveCfg = Debug|Any CPU
		{EBF37D98-4527-4712-9784-84FD884CEC1F}.Debug|ARM.Build.0 = Debug|Any CPU
		{EBF37D98-4527-4712-9784-84FD884CEC1F}.Debug|ARM.Deploy.0 = Debug|Any CPU
		{EBF37D98-4527-4712-9784-84FD884CEC1F}.Debug|iPhone.ActiveCfg = Debug|Any CPU
		{EBF37D98-4527-4712-9784-84FD884CEC1F}.Debug|iPhone.Build.0 = Debug|Any CPU
		{EBF37D98-4527-4712-9784-84FD884CEC1F}.Debug|iPhone.Deploy.0 = Debug|Any CPU
		{EBF37D98-4527-4712-9784-84FD884CEC1F}.Debug|iPhoneSimulator.ActiveCfg = Debug|Any CPU
		{EBF37D98-4527-4712-9784-84FD884CEC1F}.Debug|iPhoneSimulator.Build.0 = Debug|Any CPU
		{EBF37D98-4527-4712-9784-84FD884CEC1F}.Debug|iPhoneSimulator.Deploy.0 = Debug|Any CPU
		{EBF37D98-4527-4712-9784-84FD884CEC1F}.Debug|x64.ActiveCfg = Debug|Any CPU
		{EBF37D98-4527-4712-9784-84FD884CEC1F}.Debug|x64.Build.0 = Debug|Any CPU
		{EBF37D98-4527-4712-9784-84FD884CEC1F}.Debug|x64.Deploy.0 = Debug|Any CPU
		{EBF37D98-4527-4712-9784-84FD884CEC1F}.Debug|x86.ActiveCfg = Debug|Any CPU
		{EBF37D98-4527-4712-9784-84FD884CEC1F}.Debug|x86.Build.0 = Debug|Any CPU
		{EBF37D98-4527-4712-9784-84FD884CEC1F}.Debug|x86.Deploy.0 = Debug|Any CPU
		{EBF37D98-4527-4712-9784-84FD884CEC1F}.Release|Any CPU.ActiveCfg = Release|Any CPU
		{EBF37D98-4527-4712-9784-84FD884CEC1F}.Release|Any CPU.Build.0 = Release|Any CPU
		{EBF37D98-4527-4712-9784-84FD884CEC1F}.Release|Any CPU.Deploy.0 = Release|Any CPU
		{EBF37D98-4527-4712-9784-84FD884CEC1F}.Release|ARM.ActiveCfg = Release|Any CPU
		{EBF37D98-4527-4712-9784-84FD884CEC1F}.Release|ARM.Build.0 = Release|Any CPU
		{EBF37D98-4527-4712-9784-84FD884CEC1F}.Release|ARM.Deploy.0 = Release|Any CPU
		{EBF37D98-4527-4712-9784-84FD884CEC1F}.Release|iPhone.ActiveCfg = Release|Any CPU
		{EBF37D98-4527-4712-9784-84FD884CEC1F}.Release|iPhone.Build.0 = Release|Any CPU
		{EBF37D98-4527-4712-9784-84FD884CEC1F}.Release|iPhone.Deploy.0 = Release|Any CPU
		{EBF37D98-4527-4712-9784-84FD884CEC1F}.Release|iPhoneSimulator.ActiveCfg = Release|Any CPU
		{EBF37D98-4527-4712-9784-84FD884CEC1F}.Release|iPhoneSimulator.Build.0 = Release|Any CPU
		{EBF37D98-4527-4712-9784-84FD884CEC1F}.Release|iPhoneSimulator.Deploy.0 = Release|Any CPU
		{EBF37D98-4527-4712-9784-84FD884CEC1F}.Release|x64.ActiveCfg = Release|Any CPU
		{EBF37D98-4527-4712-9784-84FD884CEC1F}.Release|x64.Build.0 = Release|Any CPU
		{EBF37D98-4527-4712-9784-84FD884CEC1F}.Release|x64.Deploy.0 = Release|Any CPU
		{EBF37D98-4527-4712-9784-84FD884CEC1F}.Release|x86.ActiveCfg = Release|Any CPU
		{EBF37D98-4527-4712-9784-84FD884CEC1F}.Release|x86.Build.0 = Release|Any CPU
		{EBF37D98-4527-4712-9784-84FD884CEC1F}.Release|x86.Deploy.0 = Release|Any CPU
		{192EA6FC-4625-4648-BBF9-057CCE6912D2}.Debug|Any CPU.ActiveCfg = Debug|iPhoneSimulator
		{192EA6FC-4625-4648-BBF9-057CCE6912D2}.Debug|Any CPU.Build.0 = Debug|iPhoneSimulator
		{192EA6FC-4625-4648-BBF9-057CCE6912D2}.Debug|Any CPU.Deploy.0 = Debug|iPhoneSimulator
		{192EA6FC-4625-4648-BBF9-057CCE6912D2}.Debug|ARM.ActiveCfg = Debug|iPhone
		{192EA6FC-4625-4648-BBF9-057CCE6912D2}.Debug|ARM.Build.0 = Debug|iPhone
		{192EA6FC-4625-4648-BBF9-057CCE6912D2}.Debug|ARM.Deploy.0 = Debug|iPhone
		{192EA6FC-4625-4648-BBF9-057CCE6912D2}.Debug|iPhone.ActiveCfg = Debug|iPhone
		{192EA6FC-4625-4648-BBF9-057CCE6912D2}.Debug|iPhone.Build.0 = Debug|iPhone
		{192EA6FC-4625-4648-BBF9-057CCE6912D2}.Debug|iPhone.Deploy.0 = Debug|iPhone
		{192EA6FC-4625-4648-BBF9-057CCE6912D2}.Debug|iPhoneSimulator.ActiveCfg = Debug|iPhoneSimulator
		{192EA6FC-4625-4648-BBF9-057CCE6912D2}.Debug|iPhoneSimulator.Build.0 = Debug|iPhoneSimulator
		{192EA6FC-4625-4648-BBF9-057CCE6912D2}.Debug|iPhoneSimulator.Deploy.0 = Debug|iPhoneSimulator
		{192EA6FC-4625-4648-BBF9-057CCE6912D2}.Debug|x64.ActiveCfg = Debug|iPhoneSimulator
		{192EA6FC-4625-4648-BBF9-057CCE6912D2}.Debug|x64.Build.0 = Debug|iPhoneSimulator
		{192EA6FC-4625-4648-BBF9-057CCE6912D2}.Debug|x64.Deploy.0 = Debug|iPhoneSimulator
		{192EA6FC-4625-4648-BBF9-057CCE6912D2}.Debug|x86.ActiveCfg = Debug|iPhoneSimulator
		{192EA6FC-4625-4648-BBF9-057CCE6912D2}.Debug|x86.Build.0 = Debug|iPhoneSimulator
		{192EA6FC-4625-4648-BBF9-057CCE6912D2}.Debug|x86.Deploy.0 = Debug|iPhoneSimulator
		{192EA6FC-4625-4648-BBF9-057CCE6912D2}.Release|Any CPU.ActiveCfg = Release|iPhoneSimulator
		{192EA6FC-4625-4648-BBF9-057CCE6912D2}.Release|Any CPU.Build.0 = Release|iPhoneSimulator
		{192EA6FC-4625-4648-BBF9-057CCE6912D2}.Release|Any CPU.Deploy.0 = Release|iPhoneSimulator
		{192EA6FC-4625-4648-BBF9-057CCE6912D2}.Release|ARM.ActiveCfg = Release|iPhoneSimulator
		{192EA6FC-4625-4648-BBF9-057CCE6912D2}.Release|ARM.Build.0 = Release|iPhoneSimulator
		{192EA6FC-4625-4648-BBF9-057CCE6912D2}.Release|ARM.Deploy.0 = Release|iPhoneSimulator
		{192EA6FC-4625-4648-BBF9-057CCE6912D2}.Release|iPhone.ActiveCfg = Release|iPhone
		{192EA6FC-4625-4648-BBF9-057CCE6912D2}.Release|iPhone.Build.0 = Release|iPhone
		{192EA6FC-4625-4648-BBF9-057CCE6912D2}.Release|iPhone.Deploy.0 = Release|iPhone
		{192EA6FC-4625-4648-BBF9-057CCE6912D2}.Release|iPhoneSimulator.ActiveCfg = Release|iPhoneSimulator
		{192EA6FC-4625-4648-BBF9-057CCE6912D2}.Release|iPhoneSimulator.Build.0 = Release|iPhoneSimulator
		{192EA6FC-4625-4648-BBF9-057CCE6912D2}.Release|iPhoneSimulator.Deploy.0 = Release|iPhoneSimulator
		{192EA6FC-4625-4648-BBF9-057CCE6912D2}.Release|x64.ActiveCfg = Release|iPhoneSimulator
		{192EA6FC-4625-4648-BBF9-057CCE6912D2}.Release|x64.Build.0 = Release|iPhoneSimulator
		{192EA6FC-4625-4648-BBF9-057CCE6912D2}.Release|x64.Deploy.0 = Release|iPhoneSimulator
		{192EA6FC-4625-4648-BBF9-057CCE6912D2}.Release|x86.ActiveCfg = Release|iPhoneSimulator
		{192EA6FC-4625-4648-BBF9-057CCE6912D2}.Release|x86.Build.0 = Release|iPhoneSimulator
		{192EA6FC-4625-4648-BBF9-057CCE6912D2}.Release|x86.Deploy.0 = Release|iPhoneSimulator
		{5AF5C836-D805-4D64-A4B5-956AD9D9D5CD}.Debug|Any CPU.ActiveCfg = Debug|Any CPU
		{5AF5C836-D805-4D64-A4B5-956AD9D9D5CD}.Debug|Any CPU.Build.0 = Debug|Any CPU
		{5AF5C836-D805-4D64-A4B5-956AD9D9D5CD}.Debug|Any CPU.Deploy.0 = Debug|Any CPU
		{5AF5C836-D805-4D64-A4B5-956AD9D9D5CD}.Debug|ARM.ActiveCfg = Debug|Any CPU
		{5AF5C836-D805-4D64-A4B5-956AD9D9D5CD}.Debug|ARM.Build.0 = Debug|Any CPU
		{5AF5C836-D805-4D64-A4B5-956AD9D9D5CD}.Debug|ARM.Deploy.0 = Debug|Any CPU
		{5AF5C836-D805-4D64-A4B5-956AD9D9D5CD}.Debug|iPhone.ActiveCfg = Debug|Any CPU
		{5AF5C836-D805-4D64-A4B5-956AD9D9D5CD}.Debug|iPhone.Build.0 = Debug|Any CPU
		{5AF5C836-D805-4D64-A4B5-956AD9D9D5CD}.Debug|iPhone.Deploy.0 = Debug|Any CPU
		{5AF5C836-D805-4D64-A4B5-956AD9D9D5CD}.Debug|iPhoneSimulator.ActiveCfg = Debug|Any CPU
		{5AF5C836-D805-4D64-A4B5-956AD9D9D5CD}.Debug|iPhoneSimulator.Build.0 = Debug|Any CPU
		{5AF5C836-D805-4D64-A4B5-956AD9D9D5CD}.Debug|iPhoneSimulator.Deploy.0 = Debug|Any CPU
		{5AF5C836-D805-4D64-A4B5-956AD9D9D5CD}.Debug|x64.ActiveCfg = Debug|Any CPU
		{5AF5C836-D805-4D64-A4B5-956AD9D9D5CD}.Debug|x64.Build.0 = Debug|Any CPU
		{5AF5C836-D805-4D64-A4B5-956AD9D9D5CD}.Debug|x64.Deploy.0 = Debug|Any CPU
		{5AF5C836-D805-4D64-A4B5-956AD9D9D5CD}.Debug|x86.ActiveCfg = Debug|Any CPU
		{5AF5C836-D805-4D64-A4B5-956AD9D9D5CD}.Debug|x86.Build.0 = Debug|Any CPU
		{5AF5C836-D805-4D64-A4B5-956AD9D9D5CD}.Debug|x86.Deploy.0 = Debug|Any CPU
		{5AF5C836-D805-4D64-A4B5-956AD9D9D5CD}.Release|Any CPU.ActiveCfg = Release|Any CPU
		{5AF5C836-D805-4D64-A4B5-956AD9D9D5CD}.Release|Any CPU.Build.0 = Release|Any CPU
		{5AF5C836-D805-4D64-A4B5-956AD9D9D5CD}.Release|Any CPU.Deploy.0 = Release|Any CPU
		{5AF5C836-D805-4D64-A4B5-956AD9D9D5CD}.Release|ARM.ActiveCfg = Release|Any CPU
		{5AF5C836-D805-4D64-A4B5-956AD9D9D5CD}.Release|ARM.Build.0 = Release|Any CPU
		{5AF5C836-D805-4D64-A4B5-956AD9D9D5CD}.Release|ARM.Deploy.0 = Release|Any CPU
		{5AF5C836-D805-4D64-A4B5-956AD9D9D5CD}.Release|iPhone.ActiveCfg = Release|Any CPU
		{5AF5C836-D805-4D64-A4B5-956AD9D9D5CD}.Release|iPhone.Build.0 = Release|Any CPU
		{5AF5C836-D805-4D64-A4B5-956AD9D9D5CD}.Release|iPhone.Deploy.0 = Release|Any CPU
		{5AF5C836-D805-4D64-A4B5-956AD9D9D5CD}.Release|iPhoneSimulator.ActiveCfg = Release|Any CPU
		{5AF5C836-D805-4D64-A4B5-956AD9D9D5CD}.Release|iPhoneSimulator.Build.0 = Release|Any CPU
		{5AF5C836-D805-4D64-A4B5-956AD9D9D5CD}.Release|iPhoneSimulator.Deploy.0 = Release|Any CPU
		{5AF5C836-D805-4D64-A4B5-956AD9D9D5CD}.Release|x64.ActiveCfg = Release|Any CPU
		{5AF5C836-D805-4D64-A4B5-956AD9D9D5CD}.Release|x64.Build.0 = Release|Any CPU
		{5AF5C836-D805-4D64-A4B5-956AD9D9D5CD}.Release|x64.Deploy.0 = Release|Any CPU
		{5AF5C836-D805-4D64-A4B5-956AD9D9D5CD}.Release|x86.ActiveCfg = Release|Any CPU
		{5AF5C836-D805-4D64-A4B5-956AD9D9D5CD}.Release|x86.Build.0 = Release|Any CPU
		{5AF5C836-D805-4D64-A4B5-956AD9D9D5CD}.Release|x86.Deploy.0 = Release|Any CPU
	EndGlobalSection
	GlobalSection(SolutionProperties) = preSolution
		HideSolutionNode = FALSE
	EndGlobalSection
	GlobalSection(ExtensibilityGlobals) = postSolution
		SolutionGuid = {EF04A2D4-F5FB-4994-A443-95ABD19AEDDD}
	EndGlobalSection
EndGlobal
